id: nvwa_enable_sink
label: enable sink
category: '[Nvwa]'
templates:
  imports: from gnuradio import nvwa
  make: nvwa.enable_sink(${code})
parameters:
- id: code
  label: Code
  default: ' 100'
  dtype: int
inputs:
- label: in
  domain: stream
  dtype: float
  multiplicity: '1'
- label: en
  domain: stream
  dtype: int
  multiplicity: '1'
file_format: 1
